
Microsoft Visual Studio Solution File, Format Version 12.00
# Visual Studio Version 17
VisualStudioVersion = 17.4.33110.190
MinimumVisualStudioVersion = 10.0.40219.1
Project("{9A19103F-16F7-4668-BE54-9A1E7A4F7556}") = "INSAT.4I4U.TryShare.TricyclesAvailable", "INSAT.4I4U.TryShare.TricyclesAvailable\INSAT.4I4U.TryShare.TricyclesAvailable.csproj", "{C2CA8D9C-9959-4C6B-8BC6-F3E84F9780B4}"
EndProject
Project("{FAE04EC0-301F-11D3-BF4B-00C04F79EFBC}") = "INSAT.4I4U.TryShare.Shared", "INSAT.4I4U.TryShare.Shared\INSAT.4I4U.TryShare.Shared.csproj", "{2539F05B-764A-46DF-8FE6-C00522105906}"
EndProject
Global
	GlobalSection(SolutionConfigurationPlatforms) = preSolution
		Debug|Any CPU = Debug|Any CPU
		Release|Any CPU = Release|Any CPU
	EndGlobalSection
	GlobalSection(ProjectConfigurationPlatforms) = postSolution
		{C2CA8D9C-9959-4C6B-8BC6-F3E84F9780B4}.Debug|Any CPU.ActiveCfg = Debug|Any CPU
		{C2CA8D9C-9959-4C6B-8BC6-F3E84F9780B4}.Debug|Any CPU.Build.0 = Debug|Any CPU
		{C2CA8D9C-9959-4C6B-8BC6-F3E84F9780B4}.Release|Any CPU.ActiveCfg = Release|Any CPU
		{C2CA8D9C-9959-4C6B-8BC6-F3E84F9780B4}.Release|Any CPU.Build.0 = Release|Any CPU
		{2539F05B-764A-46DF-8FE6-C00522105906}.Debug|Any CPU.ActiveCfg = Debug|Any CPU
		{2539F05B-764A-46DF-8FE6-C00522105906}.Debug|Any CPU.Build.0 = Debug|Any CPU
		{2539F05B-764A-46DF-8FE6-C00522105906}.Release|Any CPU.ActiveCfg = Release|Any CPU
		{2539F05B-764A-46DF-8FE6-C00522105906}.Release|Any CPU.Build.0 = Release|Any CPU
	EndGlobalSection
	GlobalSection(SolutionProperties) = preSolution
		HideSolutionNode = FALSE
	EndGlobalSection
	GlobalSection(ExtensibilityGlobals) = postSolution
		SolutionGuid = {1FE2586E-6F5F-414D-B6C1-6581323A8B11}
	EndGlobalSection
EndGlobal
